
Microsoft Visual Studio Solution File, Format Version 12.00
# Visual Studio Version 16
VisualStudioVersion = 16.0.29613.14
MinimumVisualStudioVersion = 10.0.40219.1
Project("{FAE04EC0-301F-11D3-BF4B-00C04F79EFBC}") = "VYEP", "VYEP\VYEP.csproj", "{A0D35F97-EE15-4CFC-B4C4-F56AA37C7CAD}"
EndProject
Project("{FAE04EC0-301F-11D3-BF4B-00C04F79EFBC}") = "VYEP.Tests", "VYEP.Tests\VYEP.Tests.csproj", "{2EAB086D-52BE-44EC-886C-9221EADFFFB6}"
EndProject
Global
	GlobalSection(SolutionConfigurationPlatforms) = preSolution
		Debug|Any CPU = Debug|Any CPU
		Release|Any CPU = Release|Any CPU
	EndGlobalSection
	GlobalSection(ProjectConfigurationPlatforms) = postSolution
		{A0D35F97-EE15-4CFC-B4C4-F56AA37C7CAD}.Debug|Any CPU.ActiveCfg = Debug|Any CPU
		{A0D35F97-EE15-4CFC-B4C4-F56AA37C7CAD}.Debug|Any CPU.Build.0 = Debug|Any CPU
		{A0D35F97-EE15-4CFC-B4C4-F56AA37C7CAD}.Release|Any CPU.ActiveCfg = Release|Any CPU
		{A0D35F97-EE15-4CFC-B4C4-F56AA37C7CAD}.Release|Any CPU.Build.0 = Release|Any CPU
		{2EAB086D-52BE-44EC-886C-9221EADFFFB6}.Debug|Any CPU.ActiveCfg = Debug|Any CPU
		{2EAB086D-52BE-44EC-886C-9221EADFFFB6}.Debug|Any CPU.Build.0 = Debug|Any CPU
		{2EAB086D-52BE-44EC-886C-9221EADFFFB6}.Release|Any CPU.ActiveCfg = Release|Any CPU
		{2EAB086D-52BE-44EC-886C-9221EADFFFB6}.Release|Any CPU.Build.0 = Release|Any CPU
	EndGlobalSection
	GlobalSection(SolutionProperties) = preSolution
		HideSolutionNode = FALSE
	EndGlobalSection
	GlobalSection(ExtensibilityGlobals) = postSolution
		SolutionGuid = {EA357B23-1316-47F1-A624-1CE943C38B95}
	EndGlobalSection
EndGlobal
